
Microsoft Visual Studio Solution File, Format Version 12.00
# Visual Studio 15
VisualStudioVersion = 15.0.26730.15
MinimumVisualStudioVersion = 10.0.40219.1
Project("{8BC9CEB8-8B4A-11D0-8D11-00A0C91BC942}") = "lab3", "lab3\lab3.vcxproj", "{CDA96088-B3EA-465E-83E9-56615CDEBDE9}"
EndProject
Global
	GlobalSection(SolutionConfigurationPlatforms) = preSolution
		Debug|x64 = Debug|x64
		Debug|x86 = Debug|x86
		Release|x64 = Release|x64
		Release|x86 = Release|x86
	EndGlobalSection
	GlobalSection(ProjectConfigurationPlatforms) = postSolution
		{CDA96088-B3EA-465E-83E9-56615CDEBDE9}.Debug|x64.ActiveCfg = Debug|x64
		{CDA96088-B3EA-465E-83E9-56615CDEBDE9}.Debug|x64.Build.0 = Debug|x64
		{CDA96088-B3EA-465E-83E9-56615CDEBDE9}.Debug|x86.ActiveCfg = Debug|Win32
		{CDA96088-B3EA-465E-83E9-56615CDEBDE9}.Debug|x86.Build.0 = Debug|Win32
		{CDA96088-B3EA-465E-83E9-56615CDEBDE9}.Release|x64.ActiveCfg = Release|x64
		{CDA96088-B3EA-465E-83E9-56615CDEBDE9}.Release|x64.Build.0 = Release|x64
		{CDA96088-B3EA-465E-83E9-56615CDEBDE9}.Release|x86.ActiveCfg = Release|Win32
		{CDA96088-B3EA-465E-83E9-56615CDEBDE9}.Release|x86.Build.0 = Release|Win32
	EndGlobalSection
	GlobalSection(SolutionProperties) = preSolution
		HideSolutionNode = FALSE
	EndGlobalSection
	GlobalSection(ExtensibilityGlobals) = postSolution
		SolutionGuid = {CA313503-3C19-44C7-B045-2BD1ED3285E4}
	EndGlobalSection
EndGlobal
